// !$*UTF8*$!
{
	archiveVersion = 1;
	classes = {
	};
	objectVersion = 46;
	objects = {

/* Begin PBXBuildFile section */
		F83B85DE14E1FA13003A2513 /* main.cpp in Sources */ = {isa = PBXBuildFile; fileRef = F83B85DD14E1FA13003A2513 /* main.cpp */; };
		F83B85E014E1FA13003A2513 /* first.1 in CopyFiles */ = {isa = PBXBuildFile; fileRef = F83B85DF14E1FA13003A2513 /* first.1 */; };
/* End PBXBuildFile section */

/* Begin PBXCopyFilesBuildPhase section */
		F83B85D714E1FA13003A2513 /* CopyFiles */ = {
			isa = PBXCopyFilesBuildPhase;
			buildActionMask = 2147483647;
			dstPath = /usr/share/man/man1/;
			dstSubfolderSpec = 0;
			files = (
				F83B85E014E1FA13003A2513 /* first.1 in CopyFiles */,
			);
			runOnlyForDeploymentPostprocessing = 1;
		};
/* End PBXCopyFilesBuildPhase section */

/* Begin PBXFileReference section */
		F83B85D914E1FA13003A2513 /* first */ = {isa = PBXFileReference; explicitFileType = "compiled.mach-o.executable"; includeInIndex = 0; path = first; sourceTree = BUILT_PRODUCTS_DIR; };
		F83B85DD14E1FA13003A2513 /* main.cpp */ = {isa = PBXFileReference; lastKnownFileType = sourcecode.cpp.cpp; path = main.cpp; sourceTree = "<group>"; };
		F83B85DF14E1FA13003A2513 /* first.1 */ = {isa = PBXFileReference; lastKnownFileType = text.man; path = first.1; sourceTree = "<group>"; };
/* End PBXFileReference section */

/* Begin PBXFrameworksBuildPhase section */
		F83B85D614E1FA13003A2513 /* Frameworks */ = {
			isa = PBXFrameworksBuildPhase;
			buildActionMask = 2147483647;
			files = (
			);
			runOnlyForDeploymentPostprocessing = 0;
		};
/* End PBXFrameworksBuildPhase section */

/* Begin PBXGroup section */
		F83B85CE14E1FA13003A2513 = {
			isa = PBXGroup;
			children = (
				F83B85DC14E1FA13003A2513 /* first */,
				F83B85DA14E1FA13003A2513 /* Products */,
			);
			sourceTree = "<group>";
		};
		F83B85DA14E1FA13003A2513 /* Products */ = {
			isa = PBXGroup;
			children = (
				F83B85D914E1FA13003A2513 /* first */,
			);
			name = Products;
			sourceTree = "<group>";
		};
		F83B85DC14E1FA13003A2513 /* first */ = {
			isa = PBXGroup;
			children = (
				F83B85DD14E1FA13003A2513 /* main.cpp */,
				F83B85DF14E1FA13003A2513 /* first.1 */,
			);
			path = first;
			sourceTree = "<group>";
		};
/* End PBXGroup section */

/* Begin PBXNativeTarget section */
		F83B85D814E1FA13003A2513 /* first */ = {
			isa = PBXNativeTarget;
			buildConfigurationList = F83B85E314E1FA13003A2513 /* Build configuration list for PBXNativeTarget "first" */;
			buildPhases = (
				F83B85D514E1FA13003A2513 /* Sources */,
				F83B85D614E1FA13003A2513 /* Frameworks */,
				F83B85D714E1FA13003A2513 /* CopyFiles */,
			);
			buildRules = (
			);
			dependencies = (
			);
			name = first;
			productName = first;
			productReference = F83B85D914E1FA13003A2513 /* first */;
			productType = "com.apple.product-type.tool";
		};
/* End PBXNativeTarget section */

/* Begin PBXProject section */
		F83B85D014E1FA13003A2513 /* Project object */ = {
			isa = PBXProject;
			attributes = {
				LastUpgradeCheck = 0420;
				ORGANIZATIONNAME = "Boston University";
			};
			buildConfigurationList = F83B85D314E1FA13003A2513 /* Build configuration list for PBXProject "first" */;
			compatibilityVersion = "Xcode 3.2";
			developmentRegion = English;
			hasScannedForEncodings = 0;
			knownRegions = (
				en,
			);
			mainGroup = F83B85CE14E1FA13003A2513;
			productRefGroup = F83B85DA14E1FA13003A2513 /* Products */;
			projectDirPath = "";
			projectRoot = "";
			targets = (
				F83B85D814E1FA13003A2513 /* first */,
			);
		};
/* End PBXProject section */

/* Begin PBXSourcesBuildPhase section */
		F83B85D514E1FA13003A2513 /* Sources */ = {
			isa = PBXSourcesBuildPhase;
			buildActionMask = 2147483647;
			files = (
				F83B85DE14E1FA13003A2513 /* main.cpp in Sources */,
			);
			runOnlyForDeploymentPostprocessing = 0;
		};
/* End PBXSourcesBuildPhase section */

/* Begin XCBuildConfiguration section */
		F83B85E114E1FA13003A2513 /* Debug */ = {
			isa = XCBuildConfiguration;
			buildSettings = {
				ALWAYS_SEARCH_USER_PATHS = NO;
				ARCHS = "$(ARCHS_STANDARD_64_BIT)";
				CLANG_ENABLE_OBJC_ARC = YES;
				COPY_PHASE_STRIP = NO;
				GCC_C_LANGUAGE_STANDARD = gnu99;
				GCC_DYNAMIC_NO_PIC = NO;
				GCC_ENABLE_OBJC_EXCEPTIONS = YES;
				GCC_OPTIMIZATION_LEVEL = 0;
				GCC_PREPROCESSOR_DEFINITIONS = (
					"DEBUG=1",
					"$(inherited)",
				);
				GCC_SYMBOLS_PRIVATE_EXTERN = NO;
				GCC_VERSION = com.apple.compilers.llvm.clang.1_0;
				GCC_WARN_64_TO_32_BIT_CONVERSION = YES;
				GCC_WARN_ABOUT_MISSING_PROTOTYPES = YES;
				GCC_WARN_ABOUT_RETURN_TYPE = YES;
				GCC_WARN_UNUSED_VARIABLE = YES;
				MACOSX_DEPLOYMENT_TARGET = 10.7;
				ONLY_ACTIVE_ARCH = YES;
				SDKROOT = macosx;
			};
			name = Debug;
		};
		F83B85E214E1FA13003A2513 /* Release */ = {
			isa = XCBuildConfiguration;
			buildSettings = {
				ALWAYS_SEARCH_USER_PATHS = NO;
				ARCHS = "$(ARCHS_STANDARD_64_BIT)";
				CLANG_ENABLE_OBJC_ARC = YES;
				COPY_PHASE_STRIP = YES;
				DEBUG_INFORMATION_FORMAT = "dwarf-with-dsym";
				GCC_C_LANGUAGE_STANDARD = gnu99;
				GCC_ENABLE_OBJC_EXCEPTIONS = YES;
				GCC_VERSION = com.apple.compilers.llvm.clang.1_0;
				GCC_WARN_64_TO_32_BIT_CONVERSION = YES;
				GCC_WARN_ABOUT_MISSING_PROTOTYPES = YES;
				GCC_WARN_ABOUT_RETURN_TYPE = YES;
				GCC_WARN_UNUSED_VARIABLE = YES;
				MACOSX_DEPLOYMENT_TARGET = 10.7;
				SDKROOT = macosx;
			};
			name = Release;
		};
		F83B85E414E1FA13003A2513 /* Debug */ = {
			isa = XCBuildConfiguration;
			buildSettings = {
				PRODUCT_NAME = "$(TARGET_NAME)";
			};
			name = Debug;
		};
		F83B85E514E1FA13003A2513 /* Release */ = {
			isa = XCBuildConfiguration;
			buildSettings = {
				PRODUCT_NAME = "$(TARGET_NAME)";
			};
			name = Release;
		};
/* End XCBuildConfiguration section */

/* Begin XCConfigurationList section */
		F83B85D314E1FA13003A2513 /* Build configuration list for PBXProject "first" */ = {
			isa = XCConfigurationList;
			buildConfigurations = (
				F83B85E114E1FA13003A2513 /* Debug */,
				F83B85E214E1FA13003A2513 /* Release */,
			);
			defaultConfigurationIsVisible = 0;
			defaultConfigurationName = Release;
		};
		F83B85E314E1FA13003A2513 /* Build configuration list for PBXNativeTarget "first" */ = {
			isa = XCConfigurationList;
			buildConfigurations = (
				F83B85E414E1FA13003A2513 /* Debug */,
				F83B85E514E1FA13003A2513 /* Release */,
			);
			defaultConfigurationIsVisible = 0;
		};
/* End XCConfigurationList section */
	};
	rootObject = F83B85D014E1FA13003A2513 /* Project object */;
}
